<?xml version="1.0" encoding="utf-8"?>
<Project ToolsVersion="4.0" xmlns="http://schemas.microsoft.com/developer/msbuild/2003">
  <ItemGroup>
    <Filter Include="Source Files">
      <UniqueIdentifier>{4FC737F1-C7A5-4376-A066-2A32D752A2FF}</UniqueIdentifier>
      <Extensions>cpp;c;cc;cxx;def;odl;idl;hpj;bat;asm;asmx</Extensions>
    </Filter>
    <Filter Include="Header Files">
      <UniqueIdentifier>{93995380-89BD-4b04-88EB-625FBE52EBFB}</UniqueIdentifier>
      <Extensions>h;hh;hpp;hxx;hm;inl;inc;xsd</Extensions>
    </Filter>
    <Filter Include="Resource Files">
      <UniqueIdentifier>{D9D6E242-F8AF-46E4-B9FD-80ECBC20BA3E}</UniqueIdentifier>
      <Extensions>qrc;*</Extensions>
      <ParseFiles>false</ParseFiles>
    </Filter>
    <Filter Include="Form Files">
      <UniqueIdentifier>{99349809-55BA-4b9d-BF79-8FDBB0286EB3}</UniqueIdentifier>
      <Extensions>ui</Extensions>
    </Filter>
    <Filter Include="Resource Files">
      <UniqueIdentifier>{D9D6E242-F8AF-46E4-B9FD-80ECBC20BA3E}</UniqueIdentifier>
      <Extensions>qrc;*</Extensions>
      <ParseFiles>false</ParseFiles>
    </Filter>
    <Filter Include="Generated Files">
      <UniqueIdentifier>{71ED8ED8-ACB9-4CE9-BBE1-E00B30144E11}</UniqueIdentifier>
      <Extensions>moc;h;cpp</Extensions>
      <SourceControlFiles>False</SourceControlFiles>
    </Filter>
    <Filter Include="Source Files\Base">
      <UniqueIdentifier>{86574553-24b9-431d-8890-f6182d7dfe86}</UniqueIdentifier>
    </Filter>
    <Filter Include="Header Files\Base">
      <UniqueIdentifier>{dddc58bd-4bc0-4bd4-819c-b5d3e22dc9c8}</UniqueIdentifier>
    </Filter>
    <Filter Include="Source Files\Base\Resources">
      <UniqueIdentifier>{fb049598-cff6-43dd-bbf6-39079133a48c}</UniqueIdentifier>
    </Filter>
    <Filter Include="Header Files\Base\Resources">
      <UniqueIdentifier>{927210ec-7417-4833-b30e-20021684cc2d}</UniqueIdentifier>
    </Filter>
    <Filter Include="Source Files\Menus">
      <UniqueIdentifier>{fef4fbff-a7ee-45d9-abbd-9c302d97912a}</UniqueIdentifier>
    </Filter>
    <Filter Include="Header Files\Menus">
      <UniqueIdentifier>{a37a5b9b-a01d-4576-bd72-202106d92354}</UniqueIdentifier>
    </Filter>
    <Filter Include="Source Files\Base\Brush">
      <UniqueIdentifier>{71d355c1-bfdf-4c94-979a-7f837c149191}</UniqueIdentifier>
    </Filter>
    <Filter Include="Header Files\Base\Brush">
      <UniqueIdentifier>{eddb50f5-eef5-4f42-ad13-4f05ee7d2438}</UniqueIdentifier>
    </Filter>
    <Filter Include="Source Files\Menus\Custom Widgets">
      <UniqueIdentifier>{e6977c97-88f6-49f0-97e1-a57cea4c38da}</UniqueIdentifier>
    </Filter>
    <Filter Include="Header Files\Menus\Custom Widgets">
      <UniqueIdentifier>{b7bd0341-38a9-4558-901f-00571d9c6eb1}</UniqueIdentifier>
    </Filter>
    <Filter Include="Header Files\Base\File Formats">
      <UniqueIdentifier>{9dcaa5d5-d81c-46c6-a221-bddc64b89397}</UniqueIdentifier>
    </Filter>
    <Filter Include="Source Files\Base\File Formats">
      <UniqueIdentifier>{2208b338-dbe9-43b8-9e1c-c4a8ed392b14}</UniqueIdentifier>
    </Filter>
    <Filter Include="Form Files\Menus">
      <UniqueIdentifier>{cd8cf88c-0492-45ed-8397-c6b58d407991}</UniqueIdentifier>
    </Filter>
  </ItemGroup>
  <ItemGroup>
    <ClCompile Include="main.cpp">
      <Filter>Source Files</Filter>
    </ClCompile>
    <ClCompile Include="stdafx.cpp">
      <Filter>Source Files</Filter>
    </ClCompile>
    <ClCompile Include="HiveWE.cpp">
      <Filter>Source Files</Filter>
    </ClCompile>
    <ClCompile Include="GeneratedFiles\qrc_HiveWE.cpp">
      <Filter>Generated Files</Filter>
    </ClCompile>
    <ClCompile Include="Utilities.cpp">
      <Filter>Source Files</Filter>
    </ClCompile>
    <ClCompile Include="GeneratedFiles\Debug\moc_HiveWE.cpp">
      <Filter>Generated Files</Filter>
    </ClCompile>
    <ClCompile Include="GeneratedFiles\Release\moc_HiveWE.cpp">
      <Filter>Generated Files</Filter>
    </ClCompile>
    <ClCompile Include="Camera.cpp">
      <Filter>Source Files</Filter>
    </ClCompile>
    <ClCompile Include="InputHandler.cpp">
      <Filter>Source Files</Filter>
    </ClCompile>
    <ClCompile Include="Quadtree.cpp">
      <Filter>Source Files</Filter>
    </ClCompile>
    <ClCompile Include="GeneratedFiles\Debug\moc_WindowHandler.cpp">
      <Filter>Generated Files</Filter>
    </ClCompile>
    <ClCompile Include="GeneratedFiles\Release\moc_WindowHandler.cpp">
      <Filter>Generated Files</Filter>
    </ClCompile>
    <ClCompile Include="WindowHandler.cpp">
      <Filter>Source Files</Filter>
    </ClCompile>
    <ClCompile Include="TerrainUndo.cpp">
      <Filter>Source Files</Filter>
    </ClCompile>
    <ClCompile Include="JassTokenizer.cpp">
      <Filter>Source Files</Filter>
    </ClCompile>
    <ClCompile Include="Menus\Custom Widgets\AspectRatioPixmapLabel.cpp">
      <Filter>Source Files\Menus\Custom Widgets</Filter>
    </ClCompile>
    <ClCompile Include="Menus\Custom Widgets\ColorButton.cpp">
      <Filter>Source Files\Menus\Custom Widgets</Filter>
    </ClCompile>
    <ClCompile Include="Menus\Custom Widgets\FlowLayout.cpp">
      <Filter>Source Files\Menus\Custom Widgets</Filter>
    </ClCompile>
    <ClCompile Include="Menus\Custom Widgets\GLWidget.cpp">
      <Filter>Source Files\Menus\Custom Widgets</Filter>
    </ClCompile>
    <ClCompile Include="Menus\Custom Widgets\JassEditor.cpp">
      <Filter>Source Files\Menus\Custom Widgets</Filter>
    </ClCompile>
    <ClCompile Include="Menus\Custom Widgets\MainRibbon.cpp">
      <Filter>Source Files\Menus\Custom Widgets</Filter>
    </ClCompile>
    <ClCompile Include="Menus\Custom Widgets\QRibbon.cpp">
      <Filter>Source Files\Menus\Custom Widgets</Filter>
    </ClCompile>
    <ClCompile Include="Menus\DoodadPalette.cpp">
      <Filter>Source Files\Menus</Filter>
    </ClCompile>
    <ClCompile Include="Menus\ImportManager.cpp">
      <Filter>Source Files\Menus</Filter>
    </ClCompile>
    <ClCompile Include="Menus\ImportManagerEdit.cpp">
      <Filter>Source Files\Menus</Filter>
    </ClCompile>
    <ClCompile Include="Menus\MapInfoEditor.cpp">
      <Filter>Source Files\Menus</Filter>
    </ClCompile>
    <ClCompile Include="Menus\Minimap.cpp">
      <Filter>Source Files\Menus</Filter>
    </ClCompile>
    <ClCompile Include="Menus\Palette.cpp">
      <Filter>Source Files\Menus</Filter>
    </ClCompile>
    <ClCompile Include="Menus\PathingPallete.cpp">
      <Filter>Source Files\Menus</Filter>
    </ClCompile>
    <ClCompile Include="Menus\SettingsEditor.cpp">
      <Filter>Source Files\Menus</Filter>
    </ClCompile>
    <ClCompile Include="Menus\TerrainPalette.cpp">
      <Filter>Source Files\Menus</Filter>
    </ClCompile>
    <ClCompile Include="Menus\TilePather.cpp">
      <Filter>Source Files\Menus</Filter>
    </ClCompile>
    <ClCompile Include="Menus\TilePicker.cpp">
      <Filter>Source Files\Menus</Filter>
    </ClCompile>
    <ClCompile Include="Menus\TileSetter.cpp">
      <Filter>Source Files\Menus</Filter>
    </ClCompile>
    <ClCompile Include="Menus\TriggerEditor.cpp">
      <Filter>Source Files\Menus</Filter>
    </ClCompile>
    <ClCompile Include="Base\Brush\Brush.cpp">
      <Filter>Source Files\Base\Brush</Filter>
    </ClCompile>
    <ClCompile Include="Base\Brush\DoodadBrush.cpp">
      <Filter>Source Files\Base\Brush</Filter>
    </ClCompile>
    <ClCompile Include="Base\Brush\PathingBrush.cpp">
      <Filter>Source Files\Base\Brush</Filter>
    </ClCompile>
    <ClCompile Include="Base\Brush\TerrainBrush.cpp">
      <Filter>Source Files\Base\Brush</Filter>
    </ClCompile>
    <ClCompile Include="Base\File Formats\BLP.cpp">
      <Filter>Source Files\Base\File Formats</Filter>
    </ClCompile>
    <ClCompile Include="Base\File Formats\CASC.cpp">
      <Filter>Source Files\Base\File Formats</Filter>
    </ClCompile>
    <ClCompile Include="Base\File Formats\INI.cpp">
      <Filter>Source Files\Base\File Formats</Filter>
    </ClCompile>
    <ClCompile Include="Base\File Formats\JSON.cpp">
      <Filter>Source Files\Base\File Formats</Filter>
    </ClCompile>
    <ClCompile Include="Base\File Formats\MDX.cpp">
      <Filter>Source Files\Base\File Formats</Filter>
    </ClCompile>
    <ClCompile Include="Base\File Formats\MPQ.cpp">
      <Filter>Source Files\Base\File Formats</Filter>
    </ClCompile>
    <ClCompile Include="Base\File Formats\SLK.cpp">
      <Filter>Source Files\Base\File Formats</Filter>
    </ClCompile>
    <ClCompile Include="Base\Resources\CliffMesh.cpp">
      <Filter>Source Files\Base\Resources</Filter>
    </ClCompile>
    <ClCompile Include="Base\Resources\GPUTexture.cpp">
      <Filter>Source Files\Base\Resources</Filter>
    </ClCompile>
    <ClCompile Include="Base\Resources\GroundTexture.cpp">
      <Filter>Source Files\Base\Resources</Filter>
    </ClCompile>
    <ClCompile Include="Base\Resources\Shader.cpp">
      <Filter>Source Files\Base\Resources</Filter>
    </ClCompile>
    <ClCompile Include="Base\Resources\SkinnedMesh.cpp">
      <Filter>Source Files\Base\Resources</Filter>
    </ClCompile>
    <ClCompile Include="Base\Resources\StaticMesh.cpp">
      <Filter>Source Files\Base\Resources</Filter>
    </ClCompile>
    <ClCompile Include="Base\Resources\Texture.cpp">
      <Filter>Source Files\Base\Resources</Filter>
    </ClCompile>
    <ClCompile Include="Base\Doodads.cpp">
      <Filter>Source Files\Base</Filter>
    </ClCompile>
    <ClCompile Include="Base\GameCameras.cpp">
      <Filter>Source Files\Base</Filter>
    </ClCompile>
    <ClCompile Include="Base\Hierarchy.cpp">
      <Filter>Source Files\Base</Filter>
    </ClCompile>
    <ClCompile Include="Base\Imports.cpp">
      <Filter>Source Files\Base</Filter>
    </ClCompile>
    <ClCompile Include="Base\Map.cpp">
      <Filter>Source Files\Base</Filter>
    </ClCompile>
    <ClCompile Include="Base\MapInfo.cpp">
      <Filter>Source Files\Base</Filter>
    </ClCompile>
    <ClCompile Include="Base\PathingMap.cpp">
      <Filter>Source Files\Base</Filter>
    </ClCompile>
    <ClCompile Include="Base\Regions.cpp">
      <Filter>Source Files\Base</Filter>
    </ClCompile>
    <ClCompile Include="Base\ResourceManager.cpp">
      <Filter>Source Files\Base</Filter>
    </ClCompile>
    <ClCompile Include="Base\ShadowMap.cpp">
      <Filter>Source Files\Base</Filter>
    </ClCompile>
    <ClCompile Include="Base\Sounds.cpp">
      <Filter>Source Files\Base</Filter>
    </ClCompile>
    <ClCompile Include="Base\Terrain.cpp">
      <Filter>Source Files\Base</Filter>
    </ClCompile>
    <ClCompile Include="Base\Triggers.cpp">
      <Filter>Source Files\Base</Filter>
    </ClCompile>
    <ClCompile Include="Base\TriggerStrings.cpp">
      <Filter>Source Files\Base</Filter>
    </ClCompile>
    <ClCompile Include="Base\Units.cpp">
      <Filter>Source Files\Base</Filter>
    </ClCompile>
    <ClCompile Include="GeneratedFiles\ReleaseSymbols\moc_DoodadPalette.cpp">
      <Filter>Generated Files</Filter>
    </ClCompile>
    <ClCompile Include="GeneratedFiles\Debug\moc_DoodadPalette.cpp">
      <Filter>Generated Files</Filter>
    </ClCompile>
    <ClCompile Include="GeneratedFiles\Release\moc_DoodadPalette.cpp">
      <Filter>Generated Files</Filter>
    </ClCompile>
    <ClCompile Include="GeneratedFiles\ReleaseSymbols\moc_ImportManager.cpp">
      <Filter>Generated Files</Filter>
    </ClCompile>
    <ClCompile Include="GeneratedFiles\Debug\moc_ImportManager.cpp">
      <Filter>Generated Files</Filter>
    </ClCompile>
    <ClCompile Include="GeneratedFiles\Release\moc_ImportManager.cpp">
      <Filter>Generated Files</Filter>
    </ClCompile>
    <ClCompile Include="GeneratedFiles\ReleaseSymbols\moc_ImportManagerEdit.cpp">
      <Filter>Generated Files</Filter>
    </ClCompile>
    <ClCompile Include="GeneratedFiles\Debug\moc_ImportManagerEdit.cpp">
      <Filter>Generated Files</Filter>
    </ClCompile>
    <ClCompile Include="GeneratedFiles\Release\moc_ImportManagerEdit.cpp">
      <Filter>Generated Files</Filter>
    </ClCompile>
    <ClCompile Include="GeneratedFiles\ReleaseSymbols\moc_MapInfoEditor.cpp">
      <Filter>Generated Files</Filter>
    </ClCompile>
    <ClCompile Include="GeneratedFiles\Debug\moc_MapInfoEditor.cpp">
      <Filter>Generated Files</Filter>
    </ClCompile>
    <ClCompile Include="GeneratedFiles\Release\moc_MapInfoEditor.cpp">
      <Filter>Generated Files</Filter>
    </ClCompile>
    <ClCompile Include="GeneratedFiles\ReleaseSymbols\moc_Minimap.cpp">
      <Filter>Generated Files</Filter>
    </ClCompile>
    <ClCompile Include="GeneratedFiles\Debug\moc_Minimap.cpp">
      <Filter>Generated Files</Filter>
    </ClCompile>
    <ClCompile Include="GeneratedFiles\Release\moc_Minimap.cpp">
      <Filter>Generated Files</Filter>
    </ClCompile>
    <ClCompile Include="GeneratedFiles\ReleaseSymbols\moc_Palette.cpp">
      <Filter>Generated Files</Filter>
    </ClCompile>
    <ClCompile Include="GeneratedFiles\Debug\moc_Palette.cpp">
      <Filter>Generated Files</Filter>
    </ClCompile>
    <ClCompile Include="GeneratedFiles\Release\moc_Palette.cpp">
      <Filter>Generated Files</Filter>
    </ClCompile>
    <ClCompile Include="GeneratedFiles\ReleaseSymbols\moc_PathingPallete.cpp">
      <Filter>Generated Files</Filter>
    </ClCompile>
    <ClCompile Include="GeneratedFiles\Debug\moc_PathingPallete.cpp">
      <Filter>Generated Files</Filter>
    </ClCompile>
    <ClCompile Include="GeneratedFiles\Release\moc_PathingPallete.cpp">
      <Filter>Generated Files</Filter>
    </ClCompile>
    <ClCompile Include="GeneratedFiles\ReleaseSymbols\moc_SettingsEditor.cpp">
      <Filter>Generated Files</Filter>
    </ClCompile>
    <ClCompile Include="GeneratedFiles\Debug\moc_SettingsEditor.cpp">
      <Filter>Generated Files</Filter>
    </ClCompile>
    <ClCompile Include="GeneratedFiles\Release\moc_SettingsEditor.cpp">
      <Filter>Generated Files</Filter>
    </ClCompile>
    <ClCompile Include="GeneratedFiles\ReleaseSymbols\moc_TerrainPalette.cpp">
      <Filter>Generated Files</Filter>
    </ClCompile>
    <ClCompile Include="GeneratedFiles\Debug\moc_TerrainPalette.cpp">
      <Filter>Generated Files</Filter>
    </ClCompile>
    <ClCompile Include="GeneratedFiles\Release\moc_TerrainPalette.cpp">
      <Filter>Generated Files</Filter>
    </ClCompile>
    <ClCompile Include="GeneratedFiles\ReleaseSymbols\moc_TilePather.cpp">
      <Filter>Generated Files</Filter>
    </ClCompile>
    <ClCompile Include="GeneratedFiles\Debug\moc_TilePather.cpp">
      <Filter>Generated Files</Filter>
    </ClCompile>
    <ClCompile Include="GeneratedFiles\Release\moc_TilePather.cpp">
      <Filter>Generated Files</Filter>
    </ClCompile>
    <ClCompile Include="GeneratedFiles\ReleaseSymbols\moc_TilePicker.cpp">
      <Filter>Generated Files</Filter>
    </ClCompile>
    <ClCompile Include="GeneratedFiles\Debug\moc_TilePicker.cpp">
      <Filter>Generated Files</Filter>
    </ClCompile>
    <ClCompile Include="GeneratedFiles\Release\moc_TilePicker.cpp">
      <Filter>Generated Files</Filter>
    </ClCompile>
    <ClCompile Include="GeneratedFiles\ReleaseSymbols\moc_TileSetter.cpp">
      <Filter>Generated Files</Filter>
    </ClCompile>
    <ClCompile Include="GeneratedFiles\Debug\moc_TileSetter.cpp">
      <Filter>Generated Files</Filter>
    </ClCompile>
    <ClCompile Include="GeneratedFiles\Release\moc_TileSetter.cpp">
      <Filter>Generated Files</Filter>
    </ClCompile>
    <ClCompile Include="GeneratedFiles\ReleaseSymbols\moc_TriggerEditor.cpp">
      <Filter>Generated Files</Filter>
    </ClCompile>
    <ClCompile Include="GeneratedFiles\Debug\moc_TriggerEditor.cpp">
      <Filter>Generated Files</Filter>
    </ClCompile>
    <ClCompile Include="GeneratedFiles\Release\moc_TriggerEditor.cpp">
      <Filter>Generated Files</Filter>
    </ClCompile>
    <ClCompile Include="GeneratedFiles\ReleaseSymbols\moc_AspectRatioPixmapLabel.cpp">
      <Filter>Generated Files</Filter>
    </ClCompile>
    <ClCompile Include="GeneratedFiles\Debug\moc_AspectRatioPixmapLabel.cpp">
      <Filter>Generated Files</Filter>
    </ClCompile>
    <ClCompile Include="GeneratedFiles\Release\moc_AspectRatioPixmapLabel.cpp">
      <Filter>Generated Files</Filter>
    </ClCompile>
    <ClCompile Include="GeneratedFiles\ReleaseSymbols\moc_ColorButton.cpp">
      <Filter>Generated Files</Filter>
    </ClCompile>
    <ClCompile Include="GeneratedFiles\Debug\moc_ColorButton.cpp">
      <Filter>Generated Files</Filter>
    </ClCompile>
    <ClCompile Include="GeneratedFiles\Release\moc_ColorButton.cpp">
      <Filter>Generated Files</Filter>
    </ClCompile>
    <ClCompile Include="GeneratedFiles\ReleaseSymbols\moc_GLWidget.cpp">
      <Filter>Generated Files</Filter>
    </ClCompile>
    <ClCompile Include="GeneratedFiles\Debug\moc_GLWidget.cpp">
      <Filter>Generated Files</Filter>
    </ClCompile>
    <ClCompile Include="GeneratedFiles\Release\moc_GLWidget.cpp">
      <Filter>Generated Files</Filter>
    </ClCompile>
    <ClCompile Include="GeneratedFiles\ReleaseSymbols\moc_JassEditor.cpp">
      <Filter>Generated Files</Filter>
    </ClCompile>
    <ClCompile Include="GeneratedFiles\Debug\moc_JassEditor.cpp">
      <Filter>Generated Files</Filter>
    </ClCompile>
    <ClCompile Include="GeneratedFiles\Release\moc_JassEditor.cpp">
      <Filter>Generated Files</Filter>
    </ClCompile>
    <ClCompile Include="GeneratedFiles\ReleaseSymbols\moc_MainRibbon.cpp">
      <Filter>Generated Files</Filter>
    </ClCompile>
    <ClCompile Include="GeneratedFiles\Debug\moc_MainRibbon.cpp">
      <Filter>Generated Files</Filter>
    </ClCompile>
    <ClCompile Include="GeneratedFiles\Release\moc_MainRibbon.cpp">
      <Filter>Generated Files</Filter>
    </ClCompile>
    <ClCompile Include="GeneratedFiles\ReleaseSymbols\moc_QRibbon.cpp">
      <Filter>Generated Files</Filter>
    </ClCompile>
    <ClCompile Include="GeneratedFiles\Debug\moc_QRibbon.cpp">
      <Filter>Generated Files</Filter>
    </ClCompile>
    <ClCompile Include="GeneratedFiles\Release\moc_QRibbon.cpp">
      <Filter>Generated Files</Filter>
    </ClCompile>
    <ClCompile Include="GeneratedFiles\ReleaseSymbols\moc_Terrain.cpp">
      <Filter>Generated Files</Filter>
    </ClCompile>
    <ClCompile Include="GeneratedFiles\Debug\moc_Terrain.cpp">
      <Filter>Generated Files</Filter>
    </ClCompile>
    <ClCompile Include="GeneratedFiles\Release\moc_Terrain.cpp">
      <Filter>Generated Files</Filter>
    </ClCompile>
  </ItemGroup>
  <ItemGroup>
    <ClInclude Include="stdafx.h">
      <Filter>Header Files</Filter>
    </ClInclude>
    <ClInclude Include="GeneratedFiles\ui_HiveWE.h">
      <Filter>Generated Files</Filter>
    </ClInclude>
    <ClInclude Include="Camera.h">
      <Filter>Header Files</Filter>
    </ClInclude>
    <ClInclude Include="Utilities.h">
      <Filter>Header Files</Filter>
    </ClInclude>
    <ClInclude Include="InputHandler.h">
      <Filter>Header Files</Filter>
    </ClInclude>
    <ClInclude Include="Quadtree.h">
      <Filter>Header Files</Filter>
    </ClInclude>
    <ClInclude Include="TerrainUndo.h">
      <Filter>Header Files</Filter>
    </ClInclude>
    <ClInclude Include="JassTokenizer.h">
      <Filter>Header Files</Filter>
    </ClInclude>
    <ClInclude Include="resource.h">
      <Filter>Header Files</Filter>
    </ClInclude>
    <ClInclude Include="Base\Brush\Brush.h">
      <Filter>Header Files\Base\Brush</Filter>
    </ClInclude>
    <ClInclude Include="Base\Brush\DoodadBrush.h">
      <Filter>Header Files\Base\Brush</Filter>
    </ClInclude>
    <ClInclude Include="Base\Brush\PathingBrush.h">
      <Filter>Header Files\Base\Brush</Filter>
    </ClInclude>
    <ClInclude Include="Base\Brush\TerrainBrush.h">
      <Filter>Header Files\Base\Brush</Filter>
    </ClInclude>
    <ClInclude Include="Base\File Formats\BLP.h">
      <Filter>Header Files\Base\File Formats</Filter>
    </ClInclude>
    <ClInclude Include="Base\File Formats\CASC.h">
      <Filter>Header Files\Base\File Formats</Filter>
    </ClInclude>
    <ClInclude Include="Base\File Formats\INI.h">
      <Filter>Header Files\Base\File Formats</Filter>
    </ClInclude>
    <ClInclude Include="Base\File Formats\JSON.h">
      <Filter>Header Files\Base\File Formats</Filter>
    </ClInclude>
    <ClInclude Include="Base\File Formats\MDX.h">
      <Filter>Header Files\Base\File Formats</Filter>
    </ClInclude>
    <ClInclude Include="Base\File Formats\MPQ.h">
      <Filter>Header Files\Base\File Formats</Filter>
    </ClInclude>
    <ClInclude Include="Base\File Formats\SLK.h">
      <Filter>Header Files\Base\File Formats</Filter>
    </ClInclude>
    <ClInclude Include="Base\Resources\CliffMesh.h">
      <Filter>Header Files\Base\Resources</Filter>
    </ClInclude>
    <ClInclude Include="Base\Resources\GPUTexture.h">
      <Filter>Header Files\Base\Resources</Filter>
    </ClInclude>
    <ClInclude Include="Base\Resources\GroundTexture.h">
      <Filter>Header Files\Base\Resources</Filter>
    </ClInclude>
    <ClInclude Include="Base\Resources\Shader.h">
      <Filter>Header Files\Base\Resources</Filter>
    </ClInclude>
    <ClInclude Include="Base\Resources\SkinnedMesh.h">
      <Filter>Header Files\Base\Resources</Filter>
    </ClInclude>
    <ClInclude Include="Base\Resources\StaticMesh.h">
      <Filter>Header Files\Base\Resources</Filter>
    </ClInclude>
    <ClInclude Include="Base\Resources\Texture.h">
      <Filter>Header Files\Base\Resources</Filter>
    </ClInclude>
    <ClInclude Include="GeneratedFiles\ui_DoodadPalette.h">
      <Filter>Generated Files</Filter>
    </ClInclude>
    <ClInclude Include="GeneratedFiles\ui_ImportManager.h">
      <Filter>Generated Files</Filter>
    </ClInclude>
    <ClInclude Include="GeneratedFiles\ui_ImportManagerEdit.h">
      <Filter>Generated Files</Filter>
    </ClInclude>
    <ClInclude Include="GeneratedFiles\ui_MapInfoEditor.h">
      <Filter>Generated Files</Filter>
    </ClInclude>
    <ClInclude Include="GeneratedFiles\ui_Minimap.h">
      <Filter>Generated Files</Filter>
    </ClInclude>
    <ClInclude Include="GeneratedFiles\ui_PathingPallete.h">
      <Filter>Generated Files</Filter>
    </ClInclude>
    <ClInclude Include="GeneratedFiles\ui_SettingsEditor.h">
      <Filter>Generated Files</Filter>
    </ClInclude>
    <ClInclude Include="GeneratedFiles\ui_TerrainPalette.h">
      <Filter>Generated Files</Filter>
    </ClInclude>
    <ClInclude Include="GeneratedFiles\ui_TilePather.h">
      <Filter>Generated Files</Filter>
    </ClInclude>
    <ClInclude Include="GeneratedFiles\ui_TilePicker.h">
      <Filter>Generated Files</Filter>
    </ClInclude>
    <ClInclude Include="GeneratedFiles\ui_TileSetter.h">
      <Filter>Generated Files</Filter>
    </ClInclude>
    <ClInclude Include="GeneratedFiles\ui_TriggerEditor.h">
      <Filter>Generated Files</Filter>
    </ClInclude>
    <ClInclude Include="Menus\Custom Widgets\FlowLayout.h">
      <Filter>Header Files\Menus\Custom Widgets</Filter>
    </ClInclude>
    <ClInclude Include="Base\Doodads.h">
      <Filter>Header Files\Base</Filter>
    </ClInclude>
    <ClInclude Include="Base\GameCameras.h">
      <Filter>Header Files\Base</Filter>
    </ClInclude>
    <ClInclude Include="Base\Hierarchy.h">
      <Filter>Header Files\Base</Filter>
    </ClInclude>
    <ClInclude Include="Base\Imports.h">
      <Filter>Header Files\Base</Filter>
    </ClInclude>
    <ClInclude Include="Base\Map.h">
      <Filter>Header Files\Base</Filter>
    </ClInclude>
    <ClInclude Include="Base\MapInfo.h">
      <Filter>Header Files\Base</Filter>
    </ClInclude>
    <ClInclude Include="Base\PathingMap.h">
      <Filter>Header Files\Base</Filter>
    </ClInclude>
    <ClInclude Include="Base\Regions.h">
      <Filter>Header Files\Base</Filter>
    </ClInclude>
    <ClInclude Include="Base\ResourceManager.h">
      <Filter>Header Files\Base</Filter>
    </ClInclude>
    <ClInclude Include="Base\ShadowMap.h">
      <Filter>Header Files\Base</Filter>
    </ClInclude>
    <ClInclude Include="Base\Sounds.h">
      <Filter>Header Files\Base</Filter>
    </ClInclude>
    <ClInclude Include="Base\Triggers.h">
      <Filter>Header Files\Base</Filter>
    </ClInclude>
    <ClInclude Include="Base\TriggerStrings.h">
      <Filter>Header Files\Base</Filter>
    </ClInclude>
    <ClInclude Include="Base\Units.h">
      <Filter>Header Files\Base</Filter>
    </ClInclude>
  </ItemGroup>
  <ItemGroup>
    <CustomBuild Include="HiveWE.h">
      <Filter>Header Files</Filter>
    </CustomBuild>
    <CustomBuild Include="HiveWE.ui">
      <Filter>Form Files</Filter>
    </CustomBuild>
    <CustomBuild Include="HiveWE.qrc">
      <Filter>Source Files</Filter>
    </CustomBuild>
    <CustomBuild Include="WindowHandler.h">
      <Filter>Header Files</Filter>
    </CustomBuild>
    <CustomBuild Include="Menus\DoodadPalette.ui">
      <Filter>Form Files\Menus</Filter>
    </CustomBuild>
    <CustomBuild Include="Menus\ImportManager.ui">
      <Filter>Form Files\Menus</Filter>
    </CustomBuild>
    <CustomBuild Include="Menus\ImportManagerEdit.ui">
      <Filter>Form Files\Menus</Filter>
    </CustomBuild>
    <CustomBuild Include="Menus\MapInfoEditor.ui">
      <Filter>Form Files\Menus</Filter>
    </CustomBuild>
    <CustomBuild Include="Menus\Minimap.ui">
      <Filter>Form Files\Menus</Filter>
    </CustomBuild>
    <CustomBuild Include="Menus\PathingPallete.ui">
      <Filter>Form Files\Menus</Filter>
    </CustomBuild>
    <CustomBuild Include="Menus\SettingsEditor.ui">
      <Filter>Form Files\Menus</Filter>
    </CustomBuild>
    <CustomBuild Include="Menus\TerrainPalette.ui">
      <Filter>Form Files\Menus</Filter>
    </CustomBuild>
    <CustomBuild Include="Menus\TilePather.ui">
      <Filter>Form Files\Menus</Filter>
    </CustomBuild>
    <CustomBuild Include="Menus\TilePicker.ui">
      <Filter>Form Files\Menus</Filter>
    </CustomBuild>
    <CustomBuild Include="Menus\TileSetter.ui">
      <Filter>Form Files\Menus</Filter>
    </CustomBuild>
    <CustomBuild Include="Menus\TriggerEditor.ui">
      <Filter>Form Files\Menus</Filter>
    </CustomBuild>
    <CustomBuild Include="Menus\DoodadPalette.h">
      <Filter>Header Files\Menus</Filter>
    </CustomBuild>
    <CustomBuild Include="Menus\ImportManager.h">
      <Filter>Header Files\Menus</Filter>
    </CustomBuild>
    <CustomBuild Include="Menus\ImportManagerEdit.h">
      <Filter>Header Files\Menus</Filter>
    </CustomBuild>
    <CustomBuild Include="Menus\MapInfoEditor.h">
      <Filter>Header Files\Menus</Filter>
    </CustomBuild>
    <CustomBuild Include="Menus\Minimap.h">
      <Filter>Header Files\Menus</Filter>
    </CustomBuild>
    <CustomBuild Include="Menus\Palette.h">
      <Filter>Header Files\Menus</Filter>
    </CustomBuild>
    <CustomBuild Include="Menus\PathingPallete.h">
      <Filter>Header Files\Menus</Filter>
    </CustomBuild>
    <CustomBuild Include="Menus\SettingsEditor.h">
      <Filter>Header Files\Menus</Filter>
    </CustomBuild>
    <CustomBuild Include="Menus\TerrainPalette.h">
      <Filter>Header Files\Menus</Filter>
    </CustomBuild>
    <CustomBuild Include="Menus\TilePather.h">
      <Filter>Header Files\Menus</Filter>
    </CustomBuild>
    <CustomBuild Include="Menus\TilePicker.h">
      <Filter>Header Files\Menus</Filter>
    </CustomBuild>
    <CustomBuild Include="Menus\TileSetter.h">
      <Filter>Header Files\Menus</Filter>
    </CustomBuild>
    <CustomBuild Include="Menus\TriggerEditor.h">
      <Filter>Header Files\Menus</Filter>
    </CustomBuild>
    <CustomBuild Include="Menus\Custom Widgets\AspectRatioPixmapLabel.h">
      <Filter>Header Files\Menus\Custom Widgets</Filter>
    </CustomBuild>
    <CustomBuild Include="Menus\Custom Widgets\ColorButton.h">
      <Filter>Header Files\Menus\Custom Widgets</Filter>
    </CustomBuild>
    <CustomBuild Include="Menus\Custom Widgets\GLWidget.h">
      <Filter>Header Files\Menus\Custom Widgets</Filter>
    </CustomBuild>
    <CustomBuild Include="Menus\Custom Widgets\JassEditor.h">
      <Filter>Header Files\Menus\Custom Widgets</Filter>
    </CustomBuild>
    <CustomBuild Include="Menus\Custom Widgets\MainRibbon.h">
      <Filter>Header Files\Menus\Custom Widgets</Filter>
    </CustomBuild>
    <CustomBuild Include="Menus\Custom Widgets\QRibbon.h">
      <Filter>Header Files\Menus\Custom Widgets</Filter>
    </CustomBuild>
    <CustomBuild Include="Base\Terrain.h">
      <Filter>Header Files\Base</Filter>
    </CustomBuild>
  </ItemGroup>
  <ItemGroup>
    <None Include="..\.editorconfig" />
  </ItemGroup>
  <ItemGroup>
    <ResourceCompile Include="HiveWE.rc" />
  </ItemGroup>
</Project>