<?xml version="1.0" encoding="utf-8"?>
<Project ToolsVersion="4.0" xmlns="http://schemas.microsoft.com/developer/msbuild/2003">
  <ItemGroup>
    <Filter Include="Source Files">
      <UniqueIdentifier>{4FC737F1-C7A5-4376-A066-2A32D752A2FF}</UniqueIdentifier>
      <Extensions>cpp;c;cc;cxx;def;odl;idl;hpj;bat;asm;asmx</Extensions>
    </Filter>
    <Filter Include="Header Files">
      <UniqueIdentifier>{93995380-89BD-4b04-88EB-625FBE52EBFB}</UniqueIdentifier>
      <Extensions>h;hh;hpp;hxx;hm;inl;inc;xsd</Extensions>
    </Filter>
    <Filter Include="Resource Files">
      <UniqueIdentifier>{D9D6E242-F8AF-46E4-B9FD-80ECBC20BA3E}</UniqueIdentifier>
      <Extensions>qrc;*</Extensions>
      <ParseFiles>false</ParseFiles>
    </Filter>
    <Filter Include="Form Files">
      <UniqueIdentifier>{99349809-55BA-4b9d-BF79-8FDBB0286EB3}</UniqueIdentifier>
      <Extensions>ui</Extensions>
    </Filter>
    <Filter Include="Resource Files">
      <UniqueIdentifier>{D9D6E242-F8AF-46E4-B9FD-80ECBC20BA3E}</UniqueIdentifier>
      <Extensions>qrc;*</Extensions>
      <ParseFiles>false</ParseFiles>
    </Filter>
    <Filter Include="Generated Files">
      <UniqueIdentifier>{71ED8ED8-ACB9-4CE9-BBE1-E00B30144E11}</UniqueIdentifier>
      <Extensions>moc;h;cpp</Extensions>
      <SourceControlFiles>False</SourceControlFiles>
    </Filter>
    <Filter Include="Source Files\Base">
      <UniqueIdentifier>{86574553-24b9-431d-8890-f6182d7dfe86}</UniqueIdentifier>
    </Filter>
    <Filter Include="Header Files\Base">
      <UniqueIdentifier>{dddc58bd-4bc0-4bd4-819c-b5d3e22dc9c8}</UniqueIdentifier>
    </Filter>
    <Filter Include="Source Files\Base\Resources">
      <UniqueIdentifier>{fb049598-cff6-43dd-bbf6-39079133a48c}</UniqueIdentifier>
    </Filter>
    <Filter Include="Header Files\Base\Resources">
      <UniqueIdentifier>{927210ec-7417-4833-b30e-20021684cc2d}</UniqueIdentifier>
    </Filter>
    <Filter Include="Source Files\Menus">
      <UniqueIdentifier>{fef4fbff-a7ee-45d9-abbd-9c302d97912a}</UniqueIdentifier>
    </Filter>
    <Filter Include="Header Files\Menus">
      <UniqueIdentifier>{a37a5b9b-a01d-4576-bd72-202106d92354}</UniqueIdentifier>
    </Filter>
    <Filter Include="Source Files\Base\Brush">
      <UniqueIdentifier>{71d355c1-bfdf-4c94-979a-7f837c149191}</UniqueIdentifier>
    </Filter>
    <Filter Include="Header Files\Base\Brush">
      <UniqueIdentifier>{eddb50f5-eef5-4f42-ad13-4f05ee7d2438}</UniqueIdentifier>
    </Filter>
    <Filter Include="Source Files\Menus\Custom Widgets">
      <UniqueIdentifier>{e6977c97-88f6-49f0-97e1-a57cea4c38da}</UniqueIdentifier>
    </Filter>
    <Filter Include="Header Files\Menus\Custom Widgets">
      <UniqueIdentifier>{b7bd0341-38a9-4558-901f-00571d9c6eb1}</UniqueIdentifier>
    </Filter>
    <Filter Include="Header Files\Base\File Formats">
      <UniqueIdentifier>{9dcaa5d5-d81c-46c6-a221-bddc64b89397}</UniqueIdentifier>
    </Filter>
    <Filter Include="Source Files\Base\File Formats">
      <UniqueIdentifier>{2208b338-dbe9-43b8-9e1c-c4a8ed392b14}</UniqueIdentifier>
    </Filter>
  </ItemGroup>
  <ItemGroup>
    <ClCompile Include="main.cpp">
      <Filter>Source Files</Filter>
    </ClCompile>
    <ClCompile Include="stdafx.cpp">
      <Filter>Source Files</Filter>
    </ClCompile>
    <ClCompile Include="HiveWE.cpp">
      <Filter>Source Files</Filter>
    </ClCompile>
    <ClCompile Include="GeneratedFiles\qrc_HiveWE.cpp">
      <Filter>Generated Files</Filter>
    </ClCompile>
    <ClCompile Include="Utilities.cpp">
      <Filter>Source Files</Filter>
    </ClCompile>
    <ClCompile Include="Hierarchy.cpp">
      <Filter>Source Files\Base</Filter>
    </ClCompile>
    <ClCompile Include="ResourceManager.cpp">
      <Filter>Source Files\Base</Filter>
    </ClCompile>
    <ClCompile Include="Texture.cpp">
      <Filter>Source Files\Base\Resources</Filter>
    </ClCompile>
    <ClCompile Include="StaticMesh.cpp">
      <Filter>Source Files\Base\Resources</Filter>
    </ClCompile>
    <ClCompile Include="Shader.cpp">
      <Filter>Source Files\Base\Resources</Filter>
    </ClCompile>
    <ClCompile Include="Doodads.cpp">
      <Filter>Source Files\Base</Filter>
    </ClCompile>
    <ClCompile Include="GeneratedFiles\Debug\moc_HiveWE.cpp">
      <Filter>Generated Files</Filter>
    </ClCompile>
    <ClCompile Include="GeneratedFiles\Release\moc_HiveWE.cpp">
      <Filter>Generated Files</Filter>
    </ClCompile>
    <ClCompile Include="CliffMesh.cpp">
      <Filter>Source Files\Base\Resources</Filter>
    </ClCompile>
    <ClCompile Include="Camera.cpp">
      <Filter>Source Files</Filter>
    </ClCompile>
    <ClCompile Include="PathingMap.cpp">
      <Filter>Source Files\Base</Filter>
    </ClCompile>
    <ClCompile Include="Terrain.cpp">
      <Filter>Source Files\Base</Filter>
    </ClCompile>
    <ClCompile Include="Map.cpp">
      <Filter>Source Files\Base</Filter>
    </ClCompile>
    <ClCompile Include="InputHandler.cpp">
      <Filter>Source Files</Filter>
    </ClCompile>
    <ClCompile Include="GeneratedFiles\Debug\moc_TileSetter.cpp">
      <Filter>Generated Files</Filter>
    </ClCompile>
    <ClCompile Include="GeneratedFiles\Release\moc_TileSetter.cpp">
      <Filter>Generated Files</Filter>
    </ClCompile>
    <ClCompile Include="FlowLayout.cpp">
      <Filter>Source Files</Filter>
    </ClCompile>
    <ClCompile Include="GeneratedFiles\Debug\moc_TilePicker.cpp">
      <Filter>Generated Files</Filter>
    </ClCompile>
    <ClCompile Include="GeneratedFiles\Release\moc_TilePicker.cpp">
      <Filter>Generated Files</Filter>
    </ClCompile>
    <ClCompile Include="Units.cpp">
      <Filter>Source Files\Base</Filter>
    </ClCompile>
    <ClCompile Include="TilePicker.cpp">
      <Filter>Source Files\Menus</Filter>
    </ClCompile>
    <ClCompile Include="TileSetter.cpp">
      <Filter>Source Files\Menus</Filter>
    </ClCompile>
    <ClCompile Include="PathingPallete.cpp">
      <Filter>Source Files\Menus</Filter>
    </ClCompile>
    <ClCompile Include="GeneratedFiles\Debug\moc_TilePather.cpp">
      <Filter>Generated Files</Filter>
    </ClCompile>
    <ClCompile Include="GeneratedFiles\Release\moc_TilePather.cpp">
      <Filter>Generated Files</Filter>
    </ClCompile>
    <ClCompile Include="GeneratedFiles\Debug\moc_TerrainPalette.cpp">
      <Filter>Generated Files</Filter>
    </ClCompile>
    <ClCompile Include="GeneratedFiles\Release\moc_TerrainPalette.cpp">
      <Filter>Generated Files</Filter>
    </ClCompile>
    <ClCompile Include="TilePather.cpp">
      <Filter>Source Files\Menus</Filter>
    </ClCompile>
    <ClCompile Include="TerrainPalette.cpp">
      <Filter>Source Files\Menus</Filter>
    </ClCompile>
    <ClCompile Include="Brush.cpp">
      <Filter>Source Files\Base\Brush</Filter>
    </ClCompile>
    <ClCompile Include="PathingBrush.cpp">
      <Filter>Source Files\Base\Brush</Filter>
    </ClCompile>
    <ClCompile Include="TerrainBrush.cpp">
      <Filter>Source Files\Base\Brush</Filter>
    </ClCompile>
    <ClCompile Include="GPUTexture.cpp">
      <Filter>Source Files\Base\Resources</Filter>
    </ClCompile>
    <ClCompile Include="GroundTexture.cpp">
      <Filter>Source Files\Base\Resources</Filter>
    </ClCompile>
    <ClCompile Include="Imports.cpp">
      <Filter>Source Files\Base</Filter>
    </ClCompile>
    <ClCompile Include="GeneratedFiles\Debug\moc_ImportManager.cpp">
      <Filter>Generated Files</Filter>
    </ClCompile>
    <ClCompile Include="GeneratedFiles\Release\moc_ImportManager.cpp">
      <Filter>Generated Files</Filter>
    </ClCompile>
    <ClCompile Include="ImportManager.cpp">
      <Filter>Source Files\Menus</Filter>
    </ClCompile>
    <ClCompile Include="GeneratedFiles\Debug\moc_ImportManagerEdit.cpp">
      <Filter>Generated Files</Filter>
    </ClCompile>
    <ClCompile Include="GeneratedFiles\Release\moc_ImportManagerEdit.cpp">
      <Filter>Generated Files</Filter>
    </ClCompile>
    <ClCompile Include="ImportManagerEdit.cpp">
      <Filter>Source Files\Menus</Filter>
    </ClCompile>
    <ClCompile Include="Quadtree.cpp">
      <Filter>Source Files</Filter>
    </ClCompile>
    <ClCompile Include="ShadowMap.cpp">
      <Filter>Source Files\Base</Filter>
    </ClCompile>
    <ClCompile Include="MapInfo.cpp">
      <Filter>Source Files\Base</Filter>
    </ClCompile>
    <ClCompile Include="GeneratedFiles\Debug\moc_MapInfoEditor.cpp">
      <Filter>Generated Files</Filter>
    </ClCompile>
    <ClCompile Include="GeneratedFiles\Release\moc_MapInfoEditor.cpp">
      <Filter>Generated Files</Filter>
    </ClCompile>
    <ClCompile Include="TriggerStrings.cpp">
      <Filter>Source Files\Base</Filter>
    </ClCompile>
    <ClCompile Include="GeneratedFiles\Debug\moc_ColorButton.cpp">
      <Filter>Generated Files</Filter>
    </ClCompile>
    <ClCompile Include="MapInfoEditor.cpp">
      <Filter>Source Files\Menus</Filter>
    </ClCompile>
    <ClCompile Include="ColorButton.cpp">
      <Filter>Source Files\Menus\Custom Widgets</Filter>
    </ClCompile>
    <ClCompile Include="GeneratedFiles\Release\moc_ColorButton.cpp">
      <Filter>Generated Files</Filter>
    </ClCompile>
    <ClCompile Include="GLWidget.cpp">
      <Filter>Source Files\Menus\Custom Widgets</Filter>
    </ClCompile>
    <ClCompile Include="Triggers.cpp">
      <Filter>Source Files\Base</Filter>
    </ClCompile>
    <ClCompile Include="TriggerEditor.cpp">
      <Filter>Source Files\Menus</Filter>
    </ClCompile>
    <ClCompile Include="BLP.cpp">
      <Filter>Source Files\Base\File Formats</Filter>
    </ClCompile>
    <ClCompile Include="CASC.cpp">
      <Filter>Source Files\Base\File Formats</Filter>
    </ClCompile>
    <ClCompile Include="INI.cpp">
      <Filter>Source Files\Base\File Formats</Filter>
    </ClCompile>
    <ClCompile Include="MDX.cpp">
      <Filter>Source Files\Base\File Formats</Filter>
    </ClCompile>
    <ClCompile Include="MPQ.cpp">
      <Filter>Source Files\Base\File Formats</Filter>
    </ClCompile>
    <ClCompile Include="SLK.cpp">
      <Filter>Source Files\Base\File Formats</Filter>
    </ClCompile>
    <ClCompile Include="JassEditor.cpp">
      <Filter>Source Files\Menus\Custom Widgets</Filter>
    </ClCompile>
    <ClCompile Include="GeneratedFiles\Debug\moc_JassEditor.cpp">
      <Filter>Generated Files</Filter>
    </ClCompile>
    <ClCompile Include="GeneratedFiles\Release\moc_JassEditor.cpp">
      <Filter>Generated Files</Filter>
    </ClCompile>
    <ClCompile Include="GeneratedFiles\Debug\moc_DoodadPalette.cpp">
      <Filter>Generated Files</Filter>
    </ClCompile>
    <ClCompile Include="GeneratedFiles\Release\moc_DoodadPalette.cpp">
      <Filter>Generated Files</Filter>
    </ClCompile>
    <ClCompile Include="DoodadPalette.cpp">
      <Filter>Source Files\Menus</Filter>
    </ClCompile>
    <ClCompile Include="GeneratedFiles\Debug\moc_WindowHandler.cpp">
      <Filter>Generated Files</Filter>
    </ClCompile>
    <ClCompile Include="GeneratedFiles\Release\moc_WindowHandler.cpp">
      <Filter>Generated Files</Filter>
    </ClCompile>
    <ClCompile Include="WindowHandler.cpp">
      <Filter>Source Files</Filter>
    </ClCompile>
    <ClCompile Include="GeneratedFiles\Debug\moc_GLWidget.cpp">
      <Filter>Generated Files</Filter>
    </ClCompile>
    <ClCompile Include="GeneratedFiles\Release\moc_GLWidget.cpp">
      <Filter>Generated Files</Filter>
    </ClCompile>
    <ClCompile Include="JSON.cpp">
      <Filter>Source Files\Base\File Formats</Filter>
    </ClCompile>
    <ClCompile Include="DoodadBrush.cpp">
      <Filter>Source Files\Base\Brush</Filter>
    </ClCompile>
    <ClCompile Include="SkinnedMesh.cpp">
      <Filter>Source Files\Base\Resources</Filter>
    </ClCompile>
    <ClCompile Include="GeneratedFiles\Debug\moc_PathingPallete.cpp">
      <Filter>Generated Files</Filter>
    </ClCompile>
    <ClCompile Include="GeneratedFiles\Release\moc_PathingPallete.cpp">
      <Filter>Generated Files</Filter>
    </ClCompile>
    <ClCompile Include="GeneratedFiles\ReleaseSymbols\moc_TriggerEditor.cpp">
      <Filter>Generated Files</Filter>
    </ClCompile>
    <ClCompile Include="GeneratedFiles\Debug\moc_TriggerEditor.cpp">
      <Filter>Generated Files</Filter>
    </ClCompile>
    <ClCompile Include="GeneratedFiles\Release\moc_TriggerEditor.cpp">
      <Filter>Generated Files</Filter>
    </ClCompile>
  </ItemGroup>
  <ItemGroup>
    <ClInclude Include="stdafx.h">
      <Filter>Header Files</Filter>
    </ClInclude>
    <ClInclude Include="GeneratedFiles\ui_HiveWE.h">
      <Filter>Generated Files</Filter>
    </ClInclude>
    <ClInclude Include="Camera.h">
      <Filter>Header Files</Filter>
    </ClInclude>
    <ClInclude Include="Utilities.h">
      <Filter>Header Files</Filter>
    </ClInclude>
    <ClInclude Include="Hierarchy.h">
      <Filter>Header Files\Base</Filter>
    </ClInclude>
    <ClInclude Include="ResourceManager.h">
      <Filter>Header Files\Base</Filter>
    </ClInclude>
    <ClInclude Include="BinaryReader.h">
      <Filter>Header Files\Base</Filter>
    </ClInclude>
    <ClInclude Include="Texture.h">
      <Filter>Header Files\Base\Resources</Filter>
    </ClInclude>
    <ClInclude Include="StaticMesh.h">
      <Filter>Header Files\Base\Resources</Filter>
    </ClInclude>
    <ClInclude Include="Shader.h">
      <Filter>Header Files\Base\Resources</Filter>
    </ClInclude>
    <ClInclude Include="Doodads.h">
      <Filter>Header Files\Base</Filter>
    </ClInclude>
    <ClInclude Include="CliffMesh.h">
      <Filter>Header Files\Base\Resources</Filter>
    </ClInclude>
    <ClInclude Include="PathingMap.h">
      <Filter>Header Files\Base</Filter>
    </ClInclude>
    <ClInclude Include="Terrain.h">
      <Filter>Header Files\Base</Filter>
    </ClInclude>
    <ClInclude Include="Map.h">
      <Filter>Header Files\Base</Filter>
    </ClInclude>
    <ClInclude Include="InputHandler.h">
      <Filter>Header Files</Filter>
    </ClInclude>
    <ClInclude Include="BinaryWriter.h">
      <Filter>Header Files\Base</Filter>
    </ClInclude>
    <ClInclude Include="GeneratedFiles\ui_TileSetter.h">
      <Filter>Generated Files</Filter>
    </ClInclude>
    <ClInclude Include="GeneratedFiles\ui_TilePicker.h">
      <Filter>Generated Files</Filter>
    </ClInclude>
    <ClInclude Include="Units.h">
      <Filter>Header Files\Base</Filter>
    </ClInclude>
    <ClInclude Include="GeneratedFiles\ui_TilePather.h">
      <Filter>Generated Files</Filter>
    </ClInclude>
    <ClInclude Include="GeneratedFiles\ui_TerrainPalette.h">
      <Filter>Generated Files</Filter>
    </ClInclude>
    <ClInclude Include="Brush.h">
      <Filter>Header Files\Base\Brush</Filter>
    </ClInclude>
    <ClInclude Include="PathingBrush.h">
      <Filter>Header Files\Base\Brush</Filter>
    </ClInclude>
    <ClInclude Include="TerrainBrush.h">
      <Filter>Header Files\Base\Brush</Filter>
    </ClInclude>
    <ClInclude Include="GPUTexture.h">
      <Filter>Header Files\Base\Resources</Filter>
    </ClInclude>
    <ClInclude Include="GroundTexture.h">
      <Filter>Header Files\Base\Resources</Filter>
    </ClInclude>
    <ClInclude Include="Imports.h">
      <Filter>Header Files\Base</Filter>
    </ClInclude>
    <ClInclude Include="GeneratedFiles\ui_ImportManagerEdit.h">
      <Filter>Generated Files</Filter>
    </ClInclude>
    <ClInclude Include="Quadtree.h">
      <Filter>Header Files</Filter>
    </ClInclude>
    <ClInclude Include="GeneratedFiles\ui_TriggerEditor.h">
      <Filter>Generated Files</Filter>
    </ClInclude>
    <ClInclude Include="GeneratedFiles\ui_ImportManager.h">
      <Filter>Generated Files</Filter>
    </ClInclude>
    <ClInclude Include="ShadowMap.h">
      <Filter>Header Files\Base</Filter>
    </ClInclude>
    <ClInclude Include="MapInfo.h">
      <Filter>Header Files\Base</Filter>
    </ClInclude>
    <ClInclude Include="GeneratedFiles\ui_MapInfoEditor.h">
      <Filter>Generated Files</Filter>
    </ClInclude>
    <ClInclude Include="TriggerStrings.h">
      <Filter>Header Files\Base</Filter>
    </ClInclude>
    <ClInclude Include="Triggers.h">
      <Filter>Header Files\Base</Filter>
    </ClInclude>
    <ClInclude Include="BLP.h">
      <Filter>Header Files\Base\File Formats</Filter>
    </ClInclude>
    <ClInclude Include="CASC.h">
      <Filter>Header Files\Base\File Formats</Filter>
    </ClInclude>
    <ClInclude Include="MDX.h">
      <Filter>Header Files\Base\File Formats</Filter>
    </ClInclude>
    <ClInclude Include="MPQ.h">
      <Filter>Header Files\Base\File Formats</Filter>
    </ClInclude>
    <ClInclude Include="SLK.h">
      <Filter>Header Files\Base\File Formats</Filter>
    </ClInclude>
    <ClInclude Include="INI.h">
      <Filter>Header Files\Base\File Formats</Filter>
    </ClInclude>
    <ClInclude Include="GeneratedFiles\ui_DoodadPalette.h">
      <Filter>Generated Files</Filter>
    </ClInclude>
    <ClInclude Include="JSON.h">
      <Filter>Header Files\Base\File Formats</Filter>
    </ClInclude>
    <ClInclude Include="DoodadBrush.h">
      <Filter>Header Files\Base\Brush</Filter>
    </ClInclude>
    <ClInclude Include="SkinnedMesh.h">
      <Filter>Header Files\Base\Resources</Filter>
    </ClInclude>
  </ItemGroup>
  <ItemGroup>
    <CustomBuild Include="HiveWE.h">
      <Filter>Header Files</Filter>
    </CustomBuild>
    <CustomBuild Include="HiveWE.ui">
      <Filter>Form Files</Filter>
    </CustomBuild>
    <CustomBuild Include="PathingPallete.ui">
      <Filter>Form Files</Filter>
    </CustomBuild>
    <CustomBuild Include="TileSetter.ui">
      <Filter>Form Files</Filter>
    </CustomBuild>
    <CustomBuild Include="FlowLayout.h">
      <Filter>Header Files</Filter>
    </CustomBuild>
    <CustomBuild Include="TilePicker.ui">
      <Filter>Form Files</Filter>
    </CustomBuild>
    <CustomBuild Include="TilePicker.h">
      <Filter>Header Files\Menus</Filter>
    </CustomBuild>
    <CustomBuild Include="TileSetter.h">
      <Filter>Header Files\Menus</Filter>
    </CustomBuild>
    <CustomBuild Include="PathingPallete.h">
      <Filter>Header Files\Menus</Filter>
    </CustomBuild>
    <CustomBuild Include="TilePather.ui">
      <Filter>Form Files</Filter>
    </CustomBuild>
    <CustomBuild Include="TerrainPalette.ui">
      <Filter>Form Files</Filter>
    </CustomBuild>
    <CustomBuild Include="TerrainPalette.h">
      <Filter>Header Files\Menus</Filter>
    </CustomBuild>
    <CustomBuild Include="TilePather.h">
      <Filter>Header Files\Menus</Filter>
    </CustomBuild>
    <CustomBuild Include="HiveWE.qrc">
      <Filter>Source Files</Filter>
    </CustomBuild>
    <CustomBuild Include="ImportManager.ui">
      <Filter>Form Files</Filter>
    </CustomBuild>
    <CustomBuild Include="ImportManager.h">
      <Filter>Header Files\Menus</Filter>
    </CustomBuild>
    <CustomBuild Include="ImportManagerEdit.ui">
      <Filter>Form Files</Filter>
    </CustomBuild>
    <CustomBuild Include="ImportManagerEdit.h">
      <Filter>Header Files\Menus</Filter>
    </CustomBuild>
    <CustomBuild Include="TriggerEditor.ui">
      <Filter>Form Files</Filter>
    </CustomBuild>
    <CustomBuild Include="MapInfoEditor.ui">
      <Filter>Form Files</Filter>
    </CustomBuild>
    <CustomBuild Include="MapInfoEditor.h">
      <Filter>Header Files\Menus</Filter>
    </CustomBuild>
    <CustomBuild Include="ColorButton.h">
      <Filter>Header Files\Menus\Custom Widgets</Filter>
    </CustomBuild>
    <CustomBuild Include="GLWidget.h">
      <Filter>Header Files\Menus\Custom Widgets</Filter>
    </CustomBuild>
    <CustomBuild Include="TriggerEditor.h">
      <Filter>Header Files\Menus</Filter>
    </CustomBuild>
    <CustomBuild Include="JassEditor.h">
      <Filter>Header Files\Menus\Custom Widgets</Filter>
    </CustomBuild>
    <CustomBuild Include="DoodadPalette.ui">
      <Filter>Form Files</Filter>
    </CustomBuild>
    <CustomBuild Include="DoodadPalette.h">
      <Filter>Header Files\Menus</Filter>
    </CustomBuild>
    <CustomBuild Include="WindowHandler.h">
      <Filter>Header Files</Filter>
    </CustomBuild>
  </ItemGroup>
  <ItemGroup>
    <None Include="..\.editorconfig" />
  </ItemGroup>
</Project>